Microsoft Visual Studio Solution File, Format Version 12.00
# Visual Studio Version 17
VisualStudioVersion = 17.5.2.0
MinimumVisualStudioVersion = 10.0.40219.1
Project("{2150E333-8FDC-42A3-9474-1A3956D46DE8}") = "joblink-backend", "joblink-backend", "{FB58C235-BE89-52DC-A986-90E72F2DE99B}"
EndProject
Project("{FAE04EC0-301F-11D3-BF4B-00C04F79EFBC}") = "JobLink.API", "joblink-backend\JobLink.API\JobLink.API.csproj", "{1415C76A-AB18-6DD7-D578-E00FCE7C985F}"
EndProject
Global
	GlobalSection(SolutionConfigurationPlatforms) = preSolution
		Debug|Any CPU = Debug|Any CPU
		Release|Any CPU = Release|Any CPU
	EndGlobalSection
	GlobalSection(ProjectConfigurationPlatforms) = postSolution
		{1415C76A-AB18-6DD7-D578-E00FCE7C985F}.Debug|Any CPU.ActiveCfg = Debug|Any CPU
		{1415C76A-AB18-6DD7-D578-E00FCE7C985F}.Debug|Any CPU.Build.0 = Debug|Any CPU
		{1415C76A-AB18-6DD7-D578-E00FCE7C985F}.Release|Any CPU.ActiveCfg = Release|Any CPU
		{1415C76A-AB18-6DD7-D578-E00FCE7C985F}.Release|Any CPU.Build.0 = Release|Any CPU
	EndGlobalSection
	GlobalSection(SolutionProperties) = preSolution
		HideSolutionNode = FALSE
	EndGlobalSection
	GlobalSection(NestedProjects) = preSolution
		{1415C76A-AB18-6DD7-D578-E00FCE7C985F} = {FB58C235-BE89-52DC-A986-90E72F2DE99B}
	EndGlobalSection
	GlobalSection(ExtensibilityGlobals) = postSolution
		SolutionGuid = {23359AC4-5E99-4CEF-B064-D63D3B56D9BB}
	EndGlobalSection
EndGlobal
